
Microsoft Visual Studio Solution File, Format Version 12.00
# Visual Studio Version 17
VisualStudioVersion = 17.3.32804.467
MinimumVisualStudioVersion = 10.0.40219.1
Project("{FAE04EC0-301F-11D3-BF4B-00C04F79EFBC}") = "Firefox CSS", "Firefox CSS\Firefox CSS.csproj", "{2F23597A-7CE2-4EC0-BC6C-9750A649C6A9}"
EndProject
Global
	GlobalSection(SolutionConfigurationPlatforms) = preSolution
		Debug|Any CPU = Debug|Any CPU
		Release|Any CPU = Release|Any CPU
	EndGlobalSection
	GlobalSection(ProjectConfigurationPlatforms) = postSolution
		{2F23597A-7CE2-4EC0-BC6C-9750A649C6A9}.Debug|Any CPU.ActiveCfg = Debug|Any CPU
		{2F23597A-7CE2-4EC0-BC6C-9750A649C6A9}.Debug|Any CPU.Build.0 = Debug|Any CPU
		{2F23597A-7CE2-4EC0-BC6C-9750A649C6A9}.Release|Any CPU.ActiveCfg = Release|Any CPU
		{2F23597A-7CE2-4EC0-BC6C-9750A649C6A9}.Release|Any CPU.Build.0 = Release|Any CPU
	EndGlobalSection
	GlobalSection(SolutionProperties) = preSolution
		HideSolutionNode = FALSE
	EndGlobalSection
	GlobalSection(ExtensibilityGlobals) = postSolution
		SolutionGuid = {C79356E2-CFD4-48C9-A808-02A9941AA214}
	EndGlobalSection
EndGlobal
